
Microsoft Visual Studio Solution File, Format Version 12.00
Project("{2150E333-8FDC-42A3-9474-1A3956D46DE8}") = "src", "src", "{E4C9F2DC-3D7B-4E50-9B42-6A3AC838173A}"
EndProject
Project("{2150E333-8FDC-42A3-9474-1A3956D46DE8}") = "tests", "tests", "{FF2A9C88-E62A-43E4-9DB9-AB342068D797}"
EndProject
Project("{FAE04EC0-301F-11D3-BF4B-00C04F79EFBC}") = "Api", "src\WebApi\Api.csproj", "{88F01A89-EE4D-46A8-9BC3-CB0F502E67C3}"
EndProject
Project("{FAE04EC0-301F-11D3-BF4B-00C04F79EFBC}") = "Contract", "src\Contract\Contract.csproj", "{03D31107-CF87-4FEC-8670-344E0B3FDDA2}"
EndProject
Project("{FAE04EC0-301F-11D3-BF4B-00C04F79EFBC}") = "Data", "src\Data\Data.csproj", "{A15C3695-E127-4869-B6D6-2442A0D0F63C}"
EndProject
Project("{FAE04EC0-301F-11D3-BF4B-00C04F79EFBC}") = "Domain", "src\Domain\Domain.csproj", "{2CE12CEF-68C2-474E-AB67-4A15763BBF48}"
EndProject
Project("{FAE04EC0-301F-11D3-BF4B-00C04F79EFBC}") = "Seeding", "src\Seeding\Seeding.csproj", "{04416128-62A8-4965-95F5-294105CDB0C6}"
EndProject
Project("{FAE04EC0-301F-11D3-BF4B-00C04F79EFBC}") = "Serialization", "src\Serialization\Serialization.csproj", "{DD9C7CAC-77B7-4B9B-AAE1-6033BB8975D0}"
EndProject
Project("{FAE04EC0-301F-11D3-BF4B-00C04F79EFBC}") = "Service", "src\Service\Service.csproj", "{2E549F5B-00B0-49FE-9851-FC331D43AD52}"
EndProject
Project("{2150E333-8FDC-42A3-9474-1A3956D46DE8}") = "Unit Tests", "Unit Tests", "{7134AAE3-788A-416A-9B07-B1F45B5B614E}"
EndProject
Project("{FAE04EC0-301F-11D3-BF4B-00C04F79EFBC}") = "Api.Tests", "tests\Unit Tests\Api.Tests\Api.Tests.csproj", "{B43FBDA1-AC82-4717-BA22-1B018F1D283B}"
EndProject
Project("{FAE04EC0-301F-11D3-BF4B-00C04F79EFBC}") = "Service.Tests", "tests\Unit Tests\Service.Tests\Service.Tests.csproj", "{2C9FFAC8-6D40-455C-8194-B507DD9CE24C}"
EndProject
Project("{FAE04EC0-301F-11D3-BF4B-00C04F79EFBC}") = "Auth.Data", "src\Auth.Data\Auth.Data.csproj", "{8515B493-FF31-45A5-A2B7-384F47A29EF0}"
EndProject
Project("{FAE04EC0-301F-11D3-BF4B-00C04F79EFBC}") = "Auth.Domain", "src\Auth.Domain\Auth.Domain.csproj", "{E2CFFF33-5830-47FC-B3E8-136D5B7E5B22}"
EndProject
Project("{FAE04EC0-301F-11D3-BF4B-00C04F79EFBC}") = "Auth.Common", "src\Auth.Common\Auth.Common.csproj", "{BACA20CB-5AAC-4926-B66E-C4C95D246DDE}"
EndProject
Project("{FAE04EC0-301F-11D3-BF4B-00C04F79EFBC}") = "Auth.Service", "src\Auth.Service\Auth.Service.csproj", "{F385B088-CE80-4C56-8C27-4E42936C2CB0}"
EndProject
Project("{2150E333-8FDC-42A3-9474-1A3956D46DE8}") = "Integration Tests", "Integration Tests", "{1EA9A17B-A0F3-4A06-AEC6-E0CC75F19101}"
EndProject
Project("{FAE04EC0-301F-11D3-BF4B-00C04F79EFBC}") = "Api.Tests", "tests\Integration Tests\Api.Tests\Api.Tests.csproj", "{2598EE15-D23A-454E-81C3-D2E19AAB373B}"
EndProject
Global
	GlobalSection(SolutionConfigurationPlatforms) = preSolution
		Debug|Any CPU = Debug|Any CPU
		Release|Any CPU = Release|Any CPU
	EndGlobalSection
	GlobalSection(ProjectConfigurationPlatforms) = postSolution
		{88F01A89-EE4D-46A8-9BC3-CB0F502E67C3}.Debug|Any CPU.ActiveCfg = Debug|Any CPU
		{88F01A89-EE4D-46A8-9BC3-CB0F502E67C3}.Debug|Any CPU.Build.0 = Debug|Any CPU
		{88F01A89-EE4D-46A8-9BC3-CB0F502E67C3}.Release|Any CPU.ActiveCfg = Release|Any CPU
		{88F01A89-EE4D-46A8-9BC3-CB0F502E67C3}.Release|Any CPU.Build.0 = Release|Any CPU
		{03D31107-CF87-4FEC-8670-344E0B3FDDA2}.Debug|Any CPU.ActiveCfg = Debug|Any CPU
		{03D31107-CF87-4FEC-8670-344E0B3FDDA2}.Debug|Any CPU.Build.0 = Debug|Any CPU
		{03D31107-CF87-4FEC-8670-344E0B3FDDA2}.Release|Any CPU.ActiveCfg = Release|Any CPU
		{03D31107-CF87-4FEC-8670-344E0B3FDDA2}.Release|Any CPU.Build.0 = Release|Any CPU
		{A15C3695-E127-4869-B6D6-2442A0D0F63C}.Debug|Any CPU.ActiveCfg = Debug|Any CPU
		{A15C3695-E127-4869-B6D6-2442A0D0F63C}.Debug|Any CPU.Build.0 = Debug|Any CPU
		{A15C3695-E127-4869-B6D6-2442A0D0F63C}.Release|Any CPU.ActiveCfg = Release|Any CPU
		{A15C3695-E127-4869-B6D6-2442A0D0F63C}.Release|Any CPU.Build.0 = Release|Any CPU
		{2CE12CEF-68C2-474E-AB67-4A15763BBF48}.Debug|Any CPU.ActiveCfg = Debug|Any CPU
		{2CE12CEF-68C2-474E-AB67-4A15763BBF48}.Debug|Any CPU.Build.0 = Debug|Any CPU
		{2CE12CEF-68C2-474E-AB67-4A15763BBF48}.Release|Any CPU.ActiveCfg = Release|Any CPU
		{2CE12CEF-68C2-474E-AB67-4A15763BBF48}.Release|Any CPU.Build.0 = Release|Any CPU
		{04416128-62A8-4965-95F5-294105CDB0C6}.Debug|Any CPU.ActiveCfg = Debug|Any CPU
		{04416128-62A8-4965-95F5-294105CDB0C6}.Debug|Any CPU.Build.0 = Debug|Any CPU
		{04416128-62A8-4965-95F5-294105CDB0C6}.Release|Any CPU.ActiveCfg = Release|Any CPU
		{04416128-62A8-4965-95F5-294105CDB0C6}.Release|Any CPU.Build.0 = Release|Any CPU
		{DD9C7CAC-77B7-4B9B-AAE1-6033BB8975D0}.Debug|Any CPU.ActiveCfg = Debug|Any CPU
		{DD9C7CAC-77B7-4B9B-AAE1-6033BB8975D0}.Debug|Any CPU.Build.0 = Debug|Any CPU
		{DD9C7CAC-77B7-4B9B-AAE1-6033BB8975D0}.Release|Any CPU.ActiveCfg = Release|Any CPU
		{DD9C7CAC-77B7-4B9B-AAE1-6033BB8975D0}.Release|Any CPU.Build.0 = Release|Any CPU
		{2E549F5B-00B0-49FE-9851-FC331D43AD52}.Debug|Any CPU.ActiveCfg = Debug|Any CPU
		{2E549F5B-00B0-49FE-9851-FC331D43AD52}.Debug|Any CPU.Build.0 = Debug|Any CPU
		{2E549F5B-00B0-49FE-9851-FC331D43AD52}.Release|Any CPU.ActiveCfg = Release|Any CPU
		{2E549F5B-00B0-49FE-9851-FC331D43AD52}.Release|Any CPU.Build.0 = Release|Any CPU
		{B43FBDA1-AC82-4717-BA22-1B018F1D283B}.Debug|Any CPU.ActiveCfg = Debug|Any CPU
		{B43FBDA1-AC82-4717-BA22-1B018F1D283B}.Debug|Any CPU.Build.0 = Debug|Any CPU
		{B43FBDA1-AC82-4717-BA22-1B018F1D283B}.Release|Any CPU.ActiveCfg = Release|Any CPU
		{B43FBDA1-AC82-4717-BA22-1B018F1D283B}.Release|Any CPU.Build.0 = Release|Any CPU
		{2C9FFAC8-6D40-455C-8194-B507DD9CE24C}.Debug|Any CPU.ActiveCfg = Debug|Any CPU
		{2C9FFAC8-6D40-455C-8194-B507DD9CE24C}.Debug|Any CPU.Build.0 = Debug|Any CPU
		{2C9FFAC8-6D40-455C-8194-B507DD9CE24C}.Release|Any CPU.ActiveCfg = Release|Any CPU
		{2C9FFAC8-6D40-455C-8194-B507DD9CE24C}.Release|Any CPU.Build.0 = Release|Any CPU
		{8515B493-FF31-45A5-A2B7-384F47A29EF0}.Debug|Any CPU.ActiveCfg = Debug|Any CPU
		{8515B493-FF31-45A5-A2B7-384F47A29EF0}.Debug|Any CPU.Build.0 = Debug|Any CPU
		{8515B493-FF31-45A5-A2B7-384F47A29EF0}.Release|Any CPU.ActiveCfg = Release|Any CPU
		{8515B493-FF31-45A5-A2B7-384F47A29EF0}.Release|Any CPU.Build.0 = Release|Any CPU
		{E2CFFF33-5830-47FC-B3E8-136D5B7E5B22}.Debug|Any CPU.ActiveCfg = Debug|Any CPU
		{E2CFFF33-5830-47FC-B3E8-136D5B7E5B22}.Debug|Any CPU.Build.0 = Debug|Any CPU
		{E2CFFF33-5830-47FC-B3E8-136D5B7E5B22}.Release|Any CPU.ActiveCfg = Release|Any CPU
		{E2CFFF33-5830-47FC-B3E8-136D5B7E5B22}.Release|Any CPU.Build.0 = Release|Any CPU
		{BACA20CB-5AAC-4926-B66E-C4C95D246DDE}.Debug|Any CPU.ActiveCfg = Debug|Any CPU
		{BACA20CB-5AAC-4926-B66E-C4C95D246DDE}.Debug|Any CPU.Build.0 = Debug|Any CPU
		{BACA20CB-5AAC-4926-B66E-C4C95D246DDE}.Release|Any CPU.ActiveCfg = Release|Any CPU
		{BACA20CB-5AAC-4926-B66E-C4C95D246DDE}.Release|Any CPU.Build.0 = Release|Any CPU
		{F385B088-CE80-4C56-8C27-4E42936C2CB0}.Debug|Any CPU.ActiveCfg = Debug|Any CPU
		{F385B088-CE80-4C56-8C27-4E42936C2CB0}.Debug|Any CPU.Build.0 = Debug|Any CPU
		{F385B088-CE80-4C56-8C27-4E42936C2CB0}.Release|Any CPU.ActiveCfg = Release|Any CPU
		{F385B088-CE80-4C56-8C27-4E42936C2CB0}.Release|Any CPU.Build.0 = Release|Any CPU
		{2598EE15-D23A-454E-81C3-D2E19AAB373B}.Debug|Any CPU.ActiveCfg = Debug|Any CPU
		{2598EE15-D23A-454E-81C3-D2E19AAB373B}.Debug|Any CPU.Build.0 = Debug|Any CPU
		{2598EE15-D23A-454E-81C3-D2E19AAB373B}.Release|Any CPU.ActiveCfg = Release|Any CPU
		{2598EE15-D23A-454E-81C3-D2E19AAB373B}.Release|Any CPU.Build.0 = Release|Any CPU
	EndGlobalSection
	GlobalSection(NestedProjects) = preSolution
		{88F01A89-EE4D-46A8-9BC3-CB0F502E67C3} = {E4C9F2DC-3D7B-4E50-9B42-6A3AC838173A}
		{03D31107-CF87-4FEC-8670-344E0B3FDDA2} = {E4C9F2DC-3D7B-4E50-9B42-6A3AC838173A}
		{A15C3695-E127-4869-B6D6-2442A0D0F63C} = {E4C9F2DC-3D7B-4E50-9B42-6A3AC838173A}
		{2CE12CEF-68C2-474E-AB67-4A15763BBF48} = {E4C9F2DC-3D7B-4E50-9B42-6A3AC838173A}
		{04416128-62A8-4965-95F5-294105CDB0C6} = {E4C9F2DC-3D7B-4E50-9B42-6A3AC838173A}
		{DD9C7CAC-77B7-4B9B-AAE1-6033BB8975D0} = {E4C9F2DC-3D7B-4E50-9B42-6A3AC838173A}
		{2E549F5B-00B0-49FE-9851-FC331D43AD52} = {E4C9F2DC-3D7B-4E50-9B42-6A3AC838173A}
		{7134AAE3-788A-416A-9B07-B1F45B5B614E} = {FF2A9C88-E62A-43E4-9DB9-AB342068D797}
		{B43FBDA1-AC82-4717-BA22-1B018F1D283B} = {7134AAE3-788A-416A-9B07-B1F45B5B614E}
		{2C9FFAC8-6D40-455C-8194-B507DD9CE24C} = {7134AAE3-788A-416A-9B07-B1F45B5B614E}
		{8515B493-FF31-45A5-A2B7-384F47A29EF0} = {E4C9F2DC-3D7B-4E50-9B42-6A3AC838173A}
		{E2CFFF33-5830-47FC-B3E8-136D5B7E5B22} = {E4C9F2DC-3D7B-4E50-9B42-6A3AC838173A}
		{BACA20CB-5AAC-4926-B66E-C4C95D246DDE} = {E4C9F2DC-3D7B-4E50-9B42-6A3AC838173A}
		{F385B088-CE80-4C56-8C27-4E42936C2CB0} = {E4C9F2DC-3D7B-4E50-9B42-6A3AC838173A}
		{1EA9A17B-A0F3-4A06-AEC6-E0CC75F19101} = {FF2A9C88-E62A-43E4-9DB9-AB342068D797}
		{2598EE15-D23A-454E-81C3-D2E19AAB373B} = {1EA9A17B-A0F3-4A06-AEC6-E0CC75F19101}
	EndGlobalSection
EndGlobal
